
Microsoft Visual Studio Solution File, Format Version 12.00
# Visual Studio Version 17
VisualStudioVersion = 17.12.35323.107
MinimumVisualStudioVersion = 10.0.40219.1
Project("{FAE04EC0-301F-11D3-BF4B-00C04F79EFBC}") = "NetSnap", "NetSnap\NetSnap.csproj", "{8E7B4BCB-83D3-41BB-9360-CF54FCBEE493}"
EndProject
Project("{FAE04EC0-301F-11D3-BF4B-00C04F79EFBC}") = "NetSnap.Tests", "NetSnap.Tests\NetSnap.Tests.csproj", "{101A0038-A6E6-4C2A-AEE2-90F725697F6C}"
EndProject
Global
	GlobalSection(SolutionConfigurationPlatforms) = preSolution
		Debug|Any CPU = Debug|Any CPU
		Release|Any CPU = Release|Any CPU
	EndGlobalSection
	GlobalSection(ProjectConfigurationPlatforms) = postSolution
		{8E7B4BCB-83D3-41BB-9360-CF54FCBEE493}.Debug|Any CPU.ActiveCfg = Debug|Any CPU
		{8E7B4BCB-83D3-41BB-9360-CF54FCBEE493}.Debug|Any CPU.Build.0 = Debug|Any CPU
		{8E7B4BCB-83D3-41BB-9360-CF54FCBEE493}.Release|Any CPU.ActiveCfg = Release|Any CPU
		{8E7B4BCB-83D3-41BB-9360-CF54FCBEE493}.Release|Any CPU.Build.0 = Release|Any CPU
		{101A0038-A6E6-4C2A-AEE2-90F725697F6C}.Debug|Any CPU.ActiveCfg = Debug|Any CPU
		{101A0038-A6E6-4C2A-AEE2-90F725697F6C}.Debug|Any CPU.Build.0 = Debug|Any CPU
		{101A0038-A6E6-4C2A-AEE2-90F725697F6C}.Release|Any CPU.ActiveCfg = Release|Any CPU
		{101A0038-A6E6-4C2A-AEE2-90F725697F6C}.Release|Any CPU.Build.0 = Release|Any CPU
	EndGlobalSection
	GlobalSection(SolutionProperties) = preSolution
		HideSolutionNode = FALSE
	EndGlobalSection
	GlobalSection(ExtensibilityGlobals) = postSolution
		SolutionGuid = {4F526088-E13E-4242-9337-2143F44746C8}
	EndGlobalSection
EndGlobal
